
Microsoft Visual Studio Solution File, Format Version 12.00
# Visual Studio Version 17
VisualStudioVersion = 17.0.32112.339
MinimumVisualStudioVersion = 10.0.40219.1
Project("{FAE04EC0-301F-11D3-BF4B-00C04F79EFBC}") = "Logistics", "Logistics\Logistics.csproj", "{A1E1EC12-D04D-4EFA-970D-FF829E60CD5E}"
EndProject
Project("{FAE04EC0-301F-11D3-BF4B-00C04F79EFBC}") = "ServerLogistic", "ServerLogistic\ServerLogistic.csproj", "{067D3D42-DC3F-4BE9-BC0C-0AD2B4365482}"
EndProject
Global
	GlobalSection(SolutionConfigurationPlatforms) = preSolution
		Debug|Any CPU = Debug|Any CPU
		Release|Any CPU = Release|Any CPU
	EndGlobalSection
	GlobalSection(ProjectConfigurationPlatforms) = postSolution
		{A1E1EC12-D04D-4EFA-970D-FF829E60CD5E}.Debug|Any CPU.ActiveCfg = Debug|Any CPU
		{A1E1EC12-D04D-4EFA-970D-FF829E60CD5E}.Debug|Any CPU.Build.0 = Debug|Any CPU
		{A1E1EC12-D04D-4EFA-970D-FF829E60CD5E}.Release|Any CPU.ActiveCfg = Release|Any CPU
		{A1E1EC12-D04D-4EFA-970D-FF829E60CD5E}.Release|Any CPU.Build.0 = Release|Any CPU
		{067D3D42-DC3F-4BE9-BC0C-0AD2B4365482}.Debug|Any CPU.ActiveCfg = Debug|Any CPU
		{067D3D42-DC3F-4BE9-BC0C-0AD2B4365482}.Debug|Any CPU.Build.0 = Debug|Any CPU
		{067D3D42-DC3F-4BE9-BC0C-0AD2B4365482}.Release|Any CPU.ActiveCfg = Release|Any CPU
		{067D3D42-DC3F-4BE9-BC0C-0AD2B4365482}.Release|Any CPU.Build.0 = Release|Any CPU
	EndGlobalSection
	GlobalSection(SolutionProperties) = preSolution
		HideSolutionNode = FALSE
	EndGlobalSection
	GlobalSection(ExtensibilityGlobals) = postSolution
		SolutionGuid = {49EA36B1-9813-4369-9CFD-AF24BF5BBE01}
	EndGlobalSection
EndGlobal
